PODS:
  - AFNetworking (3.2.1):
    - AFNetworking/NSURLSession (= 3.2.1)
    - AFNetworking/Reachability (= 3.2.1)
    - AFNetworking/Security (= 3.2.1)
    - AFNetworking/Serialization (= 3.2.1)
    - AFNetworking/UIKit (= 3.2.1)
  - AFNetworking/NSURLSession (3.2.1):
    - AFNetworking/Reachability
    - AFNetworking/Security
    - AFNetworking/Serialization
  - AFNetworking/Reachability (3.2.1)
  - AFNetworking/Security (3.2.1)
  - AFNetworking/Serialization (3.2.1)
  - AFNetworking/UIKit (3.2.1):
    - AFNetworking/NSURLSession
  - iZettleSDK (1.7.1)
  - KSCrash/Core (1.15.21):
    - KSCrash/Reporting/Filters/Basic
  - KSCrash/Recording (1.15.21):
    - KSCrash/Recording/Tools (= 1.15.21)
  - KSCrash/Recording/Tools (1.15.21)
  - KSCrash/Reporting/Filters/Base (1.15.21):
    - KSCrash/Recording
  - KSCrash/Reporting/Filters/Basic (1.15.21):
    - KSCrash/Recording
    - KSCrash/Reporting/Filters/Base
  - MBProgressHUD (1.1.0)
  - Sentry (3.13.1):
    - Sentry/Core (= 3.13.1)
    - Sentry/KSCrash (= 3.13.1)
  - Sentry/Core (3.13.1)
  - Sentry/KSCrash (3.13.1):
    - KSCrash/Core (~> 1.15.12)

DEPENDENCIES:
  - AFNetworking (~> 3.2.1)
  - iZettleSDK (~> 1.7.1)
  - MBProgressHUD (~> 1.1.0)
  - Sentry (from `https://github.com/getsentry/sentry-cocoa.git`, tag `3.13.1`)

SPEC REPOS:
  https://github.com/cocoapods/specs.git:
    - AFNetworking
    - iZettleSDK
    - KSCrash
    - MBProgressHUD

EXTERNAL SOURCES:
  Sentry:
    :git: https://github.com/getsentry/sentry-cocoa.git
    :tag: 3.13.1

CHECKOUT OPTIONS:
  Sentry:
    :git: https://github.com/getsentry/sentry-cocoa.git
    :tag: 3.13.1

SPEC CHECKSUMS:
  AFNetworking: b6f891fdfaed196b46c7a83cf209e09697b94057
  iZettleSDK: d06e7c47a17d423ec5148f3d03ae713eca7d5d46
  KSCrash: 47bc2f48bb5537f112432cfbea9a359aaf7a6cc5
  MBProgressHUD: e7baa36a220447d8aeb12769bf0585582f3866d9
  Sentry: c6c852d5a982dd42de8c35f7da4116af6081ebbd

PODFILE CHECKSUM: c1dfafd9e82dd0a1ba866b2359957da834f35e88

COCOAPODS: 1.7.3
