// !$*UTF8*$!
{
	archiveVersion = 1;
	classes = {
	};
	objectVersion = 46;
	objects = {

/* Begin PBXBuildFile section */
		3051D8620200909A628119E1 /* Pods_FasT_box_office.framework in Frameworks */ = {isa = PBXBuildFile; fileRef = 87BF9E78E3353FED640280AE /* Pods_FasT_box_office.framework */; };
		F0079951210A8E21001FADBC /* FasTTodaysOrdersViewController.m in Sources */ = {isa = PBXBuildFile; fileRef = F0079950210A8E21001FADBC /* FasTTodaysOrdersViewController.m */; };
		F02F87921D41728100B5B0F3 /* FasTApi.m in Sources */ = {isa = PBXBuildFile; fileRef = F02F87771D41728100B5B0F3 /* FasTApi.m */; };
		F02F87941D41728100B5B0F3 /* FasTConstants.m in Sources */ = {isa = PBXBuildFile; fileRef = F02F877B1D41728100B5B0F3 /* FasTConstants.m */; };
		F02F87951D41728100B5B0F3 /* FasTEvent.m in Sources */ = {isa = PBXBuildFile; fileRef = F02F877D1D41728100B5B0F3 /* FasTEvent.m */; };
		F02F87961D41728100B5B0F3 /* FasTEventDate.m in Sources */ = {isa = PBXBuildFile; fileRef = F02F877F1D41728100B5B0F3 /* FasTEventDate.m */; };
		F02F87971D41728100B5B0F3 /* FasTFormatter.m in Sources */ = {isa = PBXBuildFile; fileRef = F02F87811D41728100B5B0F3 /* FasTFormatter.m */; };
		F02F87981D41728100B5B0F3 /* FasTLogEvent.m in Sources */ = {isa = PBXBuildFile; fileRef = F02F87831D41728100B5B0F3 /* FasTLogEvent.m */; };
		F02F87991D41728100B5B0F3 /* FasTOrder.m in Sources */ = {isa = PBXBuildFile; fileRef = F02F87851D41728100B5B0F3 /* FasTOrder.m */; };
		F02F879A1D41728100B5B0F3 /* FasTSeat.m in Sources */ = {isa = PBXBuildFile; fileRef = F02F87871D41728100B5B0F3 /* FasTSeat.m */; };
		F02F879D1D41728100B5B0F3 /* FasTTicket.m in Sources */ = {isa = PBXBuildFile; fileRef = F02F878D1D41728100B5B0F3 /* FasTTicket.m */; };
		F02F879E1D41728100B5B0F3 /* FasTTicketPrinter.m in Sources */ = {isa = PBXBuildFile; fileRef = F02F878F1D41728100B5B0F3 /* FasTTicketPrinter.m */; };
		F02F879F1D41728100B5B0F3 /* FasTTicketType.m in Sources */ = {isa = PBXBuildFile; fileRef = F02F87911D41728100B5B0F3 /* FasTTicketType.m */; };
		F02F87A31D422BD500B5B0F3 /* FasTReportViewController.m in Sources */ = {isa = PBXBuildFile; fileRef = F02F87A21D422BD500B5B0F3 /* FasTReportViewController.m */; };
		F02F87A71D423B2200B5B0F3 /* FasTReportBillViewController.m in Sources */ = {isa = PBXBuildFile; fileRef = F02F87A61D423B2200B5B0F3 /* FasTReportBillViewController.m */; };
		F032039A1B569AC9006D9937 /* main.m in Sources */ = {isa = PBXBuildFile; fileRef = F03203991B569AC9006D9937 /* main.m */; };
		F03203C51B569C87006D9937 /* FasTAppDelegate.m in Sources */ = {isa = PBXBuildFile; fileRef = F03203C41B569C87006D9937 /* FasTAppDelegate.m */; };
		F03203C71B569C9F006D9937 /* Storyboard.storyboard in Resources */ = {isa = PBXBuildFile; fileRef = F03203C61B569C9F006D9937 /* Storyboard.storyboard */; };
		F03203EE1B569CF6006D9937 /* FasTCartItem.m in Sources */ = {isa = PBXBuildFile; fileRef = F03203C91B569CF6006D9937 /* FasTCartItem.m */; };
		F03203EF1B569CF6006D9937 /* FasTCartProductItem.m in Sources */ = {isa = PBXBuildFile; fileRef = F03203CB1B569CF6006D9937 /* FasTCartProductItem.m */; };
		F03203F01B569CF6006D9937 /* FasTCartTicketItem.m in Sources */ = {isa = PBXBuildFile; fileRef = F03203CD1B569CF6006D9937 /* FasTCartTicketItem.m */; };
		F03203F11B569CF6006D9937 /* FasTMainViewController.m in Sources */ = {isa = PBXBuildFile; fileRef = F03203CF1B569CF6006D9937 /* FasTMainViewController.m */; };
		F03203F21B569CF6006D9937 /* FasTMainViewControllerSegue.m in Sources */ = {isa = PBXBuildFile; fileRef = F03203D11B569CF6006D9937 /* FasTMainViewControllerSegue.m */; };
		F03203F31B569CF6006D9937 /* FasTOrderDatesViewController.m in Sources */ = {isa = PBXBuildFile; fileRef = F03203D31B569CF6006D9937 /* FasTOrderDatesViewController.m */; };
		F03203F51B569CF6006D9937 /* FasTOrderDetailsViewController.m in Sources */ = {isa = PBXBuildFile; fileRef = F03203D71B569CF6006D9937 /* FasTOrderDetailsViewController.m */; };
		F03203F61B569CF6006D9937 /* FasTOrderSeatsViewController.m in Sources */ = {isa = PBXBuildFile; fileRef = F03203D91B569CF6006D9937 /* FasTOrderSeatsViewController.m */; };
		F03203F71B569CF6006D9937 /* FasTOrdersSearchViewController.m in Sources */ = {isa = PBXBuildFile; fileRef = F03203DB1B569CF6006D9937 /* FasTOrdersSearchViewController.m */; };
		F03203F81B569CF6006D9937 /* FasTOrderTicketTypesCell.m in Sources */ = {isa = PBXBuildFile; fileRef = F03203DD1B569CF6006D9937 /* FasTOrderTicketTypesCell.m */; };
		F03203F91B569CF6006D9937 /* FasTOrderTicketTypesViewController.m in Sources */ = {isa = PBXBuildFile; fileRef = F03203DF1B569CF6006D9937 /* FasTOrderTicketTypesViewController.m */; };
		F03203FA1B569CF6006D9937 /* FasTOrderViewController.m in Sources */ = {isa = PBXBuildFile; fileRef = F03203E11B569CF6006D9937 /* FasTOrderViewController.m */; };
		F03203FB1B569CF6006D9937 /* FasTProduct.m in Sources */ = {isa = PBXBuildFile; fileRef = F03203E31B569CF6006D9937 /* FasTProduct.m */; };
		F03203FC1B569CF6006D9937 /* FasTPurchasePaymentViewController.m in Sources */ = {isa = PBXBuildFile; fileRef = F03203E51B569CF6006D9937 /* FasTPurchasePaymentViewController.m */; };
		F03203FD1B569CF6006D9937 /* FasTPurchaseViewController.m in Sources */ = {isa = PBXBuildFile; fileRef = F03203E71B569CF6006D9937 /* FasTPurchaseViewController.m */; };
		F03203FE1B569CF6006D9937 /* FasTReceiptPrinter.m in Sources */ = {isa = PBXBuildFile; fileRef = F03203E91B569CF6006D9937 /* FasTReceiptPrinter.m */; };
		F03203FF1B569CF6006D9937 /* FasTReceiptPrintersTableViewController.m in Sources */ = {isa = PBXBuildFile; fileRef = F03203EB1B569CF6006D9937 /* FasTReceiptPrintersTableViewController.m */; };
		F03204001B569CF6006D9937 /* FasTSettingsViewController.m in Sources */ = {isa = PBXBuildFile; fileRef = F03203ED1B569CF6006D9937 /* FasTSettingsViewController.m */; };
		F0320A591B569EE7006D9937 /* ESCPrinter.m in Sources */ = {isa = PBXBuildFile; fileRef = F0320A581B569EE7006D9937 /* ESCPrinter.m */; };
		F03211031B56A235006D9937 /* CoreGraphics.framework in Frameworks */ = {isa = PBXBuildFile; fileRef = F03211021B56A235006D9937 /* CoreGraphics.framework */; };
		F03211051B56A241006D9937 /* UIKit.framework in Frameworks */ = {isa = PBXBuildFile; fileRef = F03211041B56A241006D9937 /* UIKit.framework */; };
		F03211061B56A280006D9937 /* QuartzCore.framework in Frameworks */ = {isa = PBXBuildFile; fileRef = F03211001B56A1A7006D9937 /* QuartzCore.framework */; };
		F032112D1B56A993006D9937 /* Localizable.strings in Resources */ = {isa = PBXBuildFile; fileRef = F032112F1B56A993006D9937 /* Localizable.strings */; };
		F032114A1B570969006D9937 /* ReceiptHeaderImage.jpg in Resources */ = {isa = PBXBuildFile; fileRef = F03211491B570969006D9937 /* ReceiptHeaderImage.jpg */; };
		F032114D1B586144006D9937 /* FasTCartOrderPaymentItem.m in Sources */ = {isa = PBXBuildFile; fileRef = F032114C1B586144006D9937 /* FasTCartOrderPaymentItem.m */; };
		F032114E1B592ED8006D9937 /* InfoPlist.strings in Resources */ = {isa = PBXBuildFile; fileRef = F032113E1B56AB01006D9937 /* InfoPlist.strings */; };
		F04EC4AF22E4713E0071B402 /* LaunchScreen.storyboard in Resources */ = {isa = PBXBuildFile; fileRef = F04EC4AE22E4713E0071B402 /* LaunchScreen.storyboard */; };
		F061035422D537A600801101 /* FasTSeatingView.m in Sources */ = {isa = PBXBuildFile; fileRef = F02F87891D41728100B5B0F3 /* FasTSeatingView.m */; };
		F09517FB22D8A30A00862770 /* FasTOrderEventsViewController.m in Sources */ = {isa = PBXBuildFile; fileRef = F09517FA22D8A30A00862770 /* FasTOrderEventsViewController.m */; };
		F0B4ED192885EA90001AAB72 /* FasTRecentOrdersViewController.m in Sources */ = {isa = PBXBuildFile; fileRef = F0B4ED182885EA90001AAB72 /* FasTRecentOrdersViewController.m */; };
		F0FDB14F210A898C00DC8CB1 /* FasTOrdersListViewController.m in Sources */ = {isa = PBXBuildFile; fileRef = F0FDB14E210A898B00DC8CB1 /* FasTOrdersListViewController.m */; };
/* End PBXBuildFile section */

/* Begin PBXFileReference section */
		87BF9E78E3353FED640280AE /* Pods_FasT_box_office.framework */ = {isa = PBXFileReference; explicitFileType = wrapper.framework; includeInIndex = 0; path = Pods_FasT_box_office.framework; sourceTree = BUILT_PRODUCTS_DIR; };
		AB45CD37D5DDF7B61EA5C33B /* Pods-FasT-box-office.debug.xcconfig */ = {isa = PBXFileReference; includeInIndex = 1; lastKnownFileType = text.xcconfig; name = "Pods-FasT-box-office.debug.xcconfig"; path = "Pods/Target Support Files/Pods-FasT-box-office/Pods-FasT-box-office.debug.xcconfig"; sourceTree = "<group>"; };
		B0F4386667092663DD1AE547 /* Pods-FasT-box-office.release.xcconfig */ = {isa = PBXFileReference; includeInIndex = 1; lastKnownFileType = text.xcconfig; name = "Pods-FasT-box-office.release.xcconfig"; path = "Pods/Target Support Files/Pods-FasT-box-office/Pods-FasT-box-office.release.xcconfig"; sourceTree = "<group>"; };
		F007994F210A8E21001FADBC /* FasTTodaysOrdersViewController.h */ = {isa = PBXFileReference; lastKnownFileType = sourcecode.c.h; path = FasTTodaysOrdersViewController.h; sourceTree = "<group>"; };
		F0079950210A8E21001FADBC /* FasTTodaysOrdersViewController.m */ = {isa = PBXFileReference; lastKnownFileType = sourcecode.c.objc; path = FasTTodaysOrdersViewController.m; sourceTree = "<group>"; };
		F02F87761D41728100B5B0F3 /* FasTApi.h */ = {isa = PBXFileReference; fileEncoding = 4; lastKnownFileType = sourcecode.c.h; path = FasTApi.h; sourceTree = "<group>"; };
		F02F87771D41728100B5B0F3 /* FasTApi.m */ = {isa = PBXFileReference; fileEncoding = 4; lastKnownFileType = sourcecode.c.objc; path = FasTApi.m; sourceTree = "<group>"; };
		F02F877A1D41728100B5B0F3 /* FasTConstants.h */ = {isa = PBXFileReference; fileEncoding = 4; lastKnownFileType = sourcecode.c.h; path = FasTConstants.h; sourceTree = "<group>"; };
		F02F877B1D41728100B5B0F3 /* FasTConstants.m */ = {isa = PBXFileReference; fileEncoding = 4; lastKnownFileType = sourcecode.c.objc; path = FasTConstants.m; sourceTree = "<group>"; };
		F02F877C1D41728100B5B0F3 /* FasTEvent.h */ = {isa = PBXFileReference; fileEncoding = 4; lastKnownFileType = sourcecode.c.h; path = FasTEvent.h; sourceTree = "<group>"; };
		F02F877D1D41728100B5B0F3 /* FasTEvent.m */ = {isa = PBXFileReference; fileEncoding = 4; lastKnownFileType = sourcecode.c.objc; path = FasTEvent.m; sourceTree = "<group>"; };
		F02F877E1D41728100B5B0F3 /* FasTEventDate.h */ = {isa = PBXFileReference; fileEncoding = 4; lastKnownFileType = sourcecode.c.h; path = FasTEventDate.h; sourceTree = "<group>"; };
		F02F877F1D41728100B5B0F3 /* FasTEventDate.m */ = {isa = PBXFileReference; fileEncoding = 4; lastKnownFileType = sourcecode.c.objc; path = FasTEventDate.m; sourceTree = "<group>"; };
		F02F87801D41728100B5B0F3 /* FasTFormatter.h */ = {isa = PBXFileReference; fileEncoding = 4; lastKnownFileType = sourcecode.c.h; path = FasTFormatter.h; sourceTree = "<group>"; };
		F02F87811D41728100B5B0F3 /* FasTFormatter.m */ = {isa = PBXFileReference; fileEncoding = 4; lastKnownFileType = sourcecode.c.objc; path = FasTFormatter.m; sourceTree = "<group>"; };
		F02F87821D41728100B5B0F3 /* FasTLogEvent.h */ = {isa = PBXFileReference; fileEncoding = 4; lastKnownFileType = sourcecode.c.h; path = FasTLogEvent.h; sourceTree = "<group>"; };
		F02F87831D41728100B5B0F3 /* FasTLogEvent.m */ = {isa = PBXFileReference; fileEncoding = 4; lastKnownFileType = sourcecode.c.objc; path = FasTLogEvent.m; sourceTree = "<group>"; };
		F02F87841D41728100B5B0F3 /* FasTOrder.h */ = {isa = PBXFileReference; fileEncoding = 4; lastKnownFileType = sourcecode.c.h; path = FasTOrder.h; sourceTree = "<group>"; };
		F02F87851D41728100B5B0F3 /* FasTOrder.m */ = {isa = PBXFileReference; fileEncoding = 4; lastKnownFileType = sourcecode.c.objc; path = FasTOrder.m; sourceTree = "<group>"; };
		F02F87861D41728100B5B0F3 /* FasTSeat.h */ = {isa = PBXFileReference; fileEncoding = 4; lastKnownFileType = sourcecode.c.h; path = FasTSeat.h; sourceTree = "<group>"; };
		F02F87871D41728100B5B0F3 /* FasTSeat.m */ = {isa = PBXFileReference; fileEncoding = 4; lastKnownFileType = sourcecode.c.objc; path = FasTSeat.m; sourceTree = "<group>"; };
		F02F87881D41728100B5B0F3 /* FasTSeatingView.h */ = {isa = PBXFileReference; fileEncoding = 4; lastKnownFileType = sourcecode.c.h; path = FasTSeatingView.h; sourceTree = "<group>"; };
		F02F87891D41728100B5B0F3 /* FasTSeatingView.m */ = {isa = PBXFileReference; fileEncoding = 4; lastKnownFileType = sourcecode.c.objc; path = FasTSeatingView.m; sourceTree = "<group>"; };
		F02F878C1D41728100B5B0F3 /* FasTTicket.h */ = {isa = PBXFileReference; fileEncoding = 4; lastKnownFileType = sourcecode.c.h; path = FasTTicket.h; sourceTree = "<group>"; };
		F02F878D1D41728100B5B0F3 /* FasTTicket.m */ = {isa = PBXFileReference; fileEncoding = 4; lastKnownFileType = sourcecode.c.objc; path = FasTTicket.m; sourceTree = "<group>"; };
		F02F878E1D41728100B5B0F3 /* FasTTicketPrinter.h */ = {isa = PBXFileReference; fileEncoding = 4; lastKnownFileType = sourcecode.c.h; path = FasTTicketPrinter.h; sourceTree = "<group>"; };
		F02F878F1D41728100B5B0F3 /* FasTTicketPrinter.m */ = {isa = PBXFileReference; fileEncoding = 4; lastKnownFileType = sourcecode.c.objc; path = FasTTicketPrinter.m; sourceTree = "<group>"; };
		F02F87901D41728100B5B0F3 /* FasTTicketType.h */ = {isa = PBXFileReference; fileEncoding = 4; lastKnownFileType = sourcecode.c.h; path = FasTTicketType.h; sourceTree = "<group>"; };
		F02F87911D41728100B5B0F3 /* FasTTicketType.m */ = {isa = PBXFileReference; fileEncoding = 4; lastKnownFileType = sourcecode.c.objc; path = FasTTicketType.m; sourceTree = "<group>"; };
		F02F87A11D422BD500B5B0F3 /* FasTReportViewController.h */ = {isa = PBXFileReference; fileEncoding = 4; lastKnownFileType = sourcecode.c.h; path = FasTReportViewController.h; sourceTree = "<group>"; };
		F02F87A21D422BD500B5B0F3 /* FasTReportViewController.m */ = {isa = PBXFileReference; fileEncoding = 4; lastKnownFileType = sourcecode.c.objc; path = FasTReportViewController.m; sourceTree = "<group>"; };
		F02F87A51D423B2200B5B0F3 /* FasTReportBillViewController.h */ = {isa = PBXFileReference; fileEncoding = 4; lastKnownFileType = sourcecode.c.h; path = FasTReportBillViewController.h; sourceTree = "<group>"; };
		F02F87A61D423B2200B5B0F3 /* FasTReportBillViewController.m */ = {isa = PBXFileReference; fileEncoding = 4; lastKnownFileType = sourcecode.c.objc; path = FasTReportBillViewController.m; sourceTree = "<group>"; };
		F03203941B569AC9006D9937 /* FasT-box-office.app */ = {isa = PBXFileReference; explicitFileType = wrapper.application; includeInIndex = 0; path = "FasT-box-office.app"; sourceTree = BUILT_PRODUCTS_DIR; };
		F03203991B569AC9006D9937 /* main.m */ = {isa = PBXFileReference; lastKnownFileType = sourcecode.c.objc; path = main.m; sourceTree = "<group>"; };
		F03203C31B569C87006D9937 /* FasTAppDelegate.h */ = {isa = PBXFileReference; fileEncoding = 4; lastKnownFileType = sourcecode.c.h; path = FasTAppDelegate.h; sourceTree = "<group>"; };
		F03203C41B569C87006D9937 /* FasTAppDelegate.m */ = {isa = PBXFileReference; fileEncoding = 4; lastKnownFileType = sourcecode.c.objc; path = FasTAppDelegate.m; sourceTree = "<group>"; };
		F03203C61B569C9F006D9937 /* Storyboard.storyboard */ = {isa = PBXFileReference; fileEncoding = 4; lastKnownFileType = file.storyboard; path = Storyboard.storyboard; sourceTree = "<group>"; };
		F03203C81B569CF6006D9937 /* FasTCartItem.h */ = {isa = PBXFileReference; fileEncoding = 4; lastKnownFileType = sourcecode.c.h; path = FasTCartItem.h; sourceTree = "<group>"; };
		F03203C91B569CF6006D9937 /* FasTCartItem.m */ = {isa = PBXFileReference; fileEncoding = 4; lastKnownFileType = sourcecode.c.objc; path = FasTCartItem.m; sourceTree = "<group>"; };
		F03203CA1B569CF6006D9937 /* FasTCartProductItem.h */ = {isa = PBXFileReference; fileEncoding = 4; lastKnownFileType = sourcecode.c.h; path = FasTCartProductItem.h; sourceTree = "<group>"; };
		F03203CB1B569CF6006D9937 /* FasTCartProductItem.m */ = {isa = PBXFileReference; fileEncoding = 4; lastKnownFileType = sourcecode.c.objc; path = FasTCartProductItem.m; sourceTree = "<group>"; };
		F03203CC1B569CF6006D9937 /* FasTCartTicketItem.h */ = {isa = PBXFileReference; fileEncoding = 4; lastKnownFileType = sourcecode.c.h; path = FasTCartTicketItem.h; sourceTree = "<group>"; };
		F03203CD1B569CF6006D9937 /* FasTCartTicketItem.m */ = {isa = PBXFileReference; fileEncoding = 4; lastKnownFileType = sourcecode.c.objc; path = FasTCartTicketItem.m; sourceTree = "<group>"; };
		F03203CE1B569CF6006D9937 /* FasTMainViewController.h */ = {isa = PBXFileReference; fileEncoding = 4; lastKnownFileType = sourcecode.c.h; path = FasTMainViewController.h; sourceTree = "<group>"; };
		F03203CF1B569CF6006D9937 /* FasTMainViewController.m */ = {isa = PBXFileReference; fileEncoding = 4; lastKnownFileType = sourcecode.c.objc; path = FasTMainViewController.m; sourceTree = "<group>"; };
		F03203D01B569CF6006D9937 /* FasTMainViewControllerSegue.h */ = {isa = PBXFileReference; fileEncoding = 4; lastKnownFileType = sourcecode.c.h; path = FasTMainViewControllerSegue.h; sourceTree = "<group>"; };
		F03203D11B569CF6006D9937 /* FasTMainViewControllerSegue.m */ = {isa = PBXFileReference; fileEncoding = 4; lastKnownFileType = sourcecode.c.objc; path = FasTMainViewControllerSegue.m; sourceTree = "<group>"; };
		F03203D21B569CF6006D9937 /* FasTOrderDatesViewController.h */ = {isa = PBXFileReference; fileEncoding = 4; lastKnownFileType = sourcecode.c.h; path = FasTOrderDatesViewController.h; sourceTree = "<group>"; };
		F03203D31B569CF6006D9937 /* FasTOrderDatesViewController.m */ = {isa = PBXFileReference; fileEncoding = 4; lastKnownFileType = sourcecode.c.objc; path = FasTOrderDatesViewController.m; sourceTree = "<group>"; };
		F03203D61B569CF6006D9937 /* FasTOrderDetailsViewController.h */ = {isa = PBXFileReference; fileEncoding = 4; lastKnownFileType = sourcecode.c.h; path = FasTOrderDetailsViewController.h; sourceTree = "<group>"; };
		F03203D71B569CF6006D9937 /* FasTOrderDetailsViewController.m */ = {isa = PBXFileReference; fileEncoding = 4; lastKnownFileType = sourcecode.c.objc; path = FasTOrderDetailsViewController.m; sourceTree = "<group>"; };
		F03203D81B569CF6006D9937 /* FasTOrderSeatsViewController.h */ = {isa = PBXFileReference; fileEncoding = 4; lastKnownFileType = sourcecode.c.h; path = FasTOrderSeatsViewController.h; sourceTree = "<group>"; };
		F03203D91B569CF6006D9937 /* FasTOrderSeatsViewController.m */ = {isa = PBXFileReference; fileEncoding = 4; lastKnownFileType = sourcecode.c.objc; path = FasTOrderSeatsViewController.m; sourceTree = "<group>"; };
		F03203DA1B569CF6006D9937 /* FasTOrdersSearchViewController.h */ = {isa = PBXFileReference; fileEncoding = 4; lastKnownFileType = sourcecode.c.h; path = FasTOrdersSearchViewController.h; sourceTree = "<group>"; };
		F03203DB1B569CF6006D9937 /* FasTOrdersSearchViewController.m */ = {isa = PBXFileReference; fileEncoding = 4; lastKnownFileType = sourcecode.c.objc; path = FasTOrdersSearchViewController.m; sourceTree = "<group>"; };
		F03203DC1B569CF6006D9937 /* FasTOrderTicketTypesCell.h */ = {isa = PBXFileReference; fileEncoding = 4; lastKnownFileType = sourcecode.c.h; path = FasTOrderTicketTypesCell.h; sourceTree = "<group>"; };
		F03203DD1B569CF6006D9937 /* FasTOrderTicketTypesCell.m */ = {isa = PBXFileReference; fileEncoding = 4; lastKnownFileType = sourcecode.c.objc; path = FasTOrderTicketTypesCell.m; sourceTree = "<group>"; };
		F03203DE1B569CF6006D9937 /* FasTOrderTicketTypesViewController.h */ = {isa = PBXFileReference; fileEncoding = 4; lastKnownFileType = sourcecode.c.h; path = FasTOrderTicketTypesViewController.h; sourceTree = "<group>"; };
		F03203DF1B569CF6006D9937 /* FasTOrderTicketTypesViewController.m */ = {isa = PBXFileReference; fileEncoding = 4; lastKnownFileType = sourcecode.c.objc; path = FasTOrderTicketTypesViewController.m; sourceTree = "<group>"; };
		F03203E01B569CF6006D9937 /* FasTOrderViewController.h */ = {isa = PBXFileReference; fileEncoding = 4; lastKnownFileType = sourcecode.c.h; path = FasTOrderViewController.h; sourceTree = "<group>"; };
		F03203E11B569CF6006D9937 /* FasTOrderViewController.m */ = {isa = PBXFileReference; fileEncoding = 4; lastKnownFileType = sourcecode.c.objc; path = FasTOrderViewController.m; sourceTree = "<group>"; };
		F03203E21B569CF6006D9937 /* FasTProduct.h */ = {isa = PBXFileReference; fileEncoding = 4; lastKnownFileType = sourcecode.c.h; path = FasTProduct.h; sourceTree = "<group>"; };
		F03203E31B569CF6006D9937 /* FasTProduct.m */ = {isa = PBXFileReference; fileEncoding = 4; lastKnownFileType = sourcecode.c.objc; path = FasTProduct.m; sourceTree = "<group>"; };
		F03203E41B569CF6006D9937 /* FasTPurchasePaymentViewController.h */ = {isa = PBXFileReference; fileEncoding = 4; lastKnownFileType = sourcecode.c.h; path = FasTPurchasePaymentViewController.h; sourceTree = "<group>"; };
		F03203E51B569CF6006D9937 /* FasTPurchasePaymentViewController.m */ = {isa = PBXFileReference; fileEncoding = 4; lastKnownFileType = sourcecode.c.objc; path = FasTPurchasePaymentViewController.m; sourceTree = "<group>"; };
		F03203E61B569CF6006D9937 /* FasTPurchaseViewController.h */ = {isa = PBXFileReference; fileEncoding = 4; lastKnownFileType = sourcecode.c.h; path = FasTPurchaseViewController.h; sourceTree = "<group>"; };
		F03203E71B569CF6006D9937 /* FasTPurchaseViewController.m */ = {isa = PBXFileReference; fileEncoding = 4; lastKnownFileType = sourcecode.c.objc; path = FasTPurchaseViewController.m; sourceTree = "<group>"; };
		F03203E81B569CF6006D9937 /* FasTReceiptPrinter.h */ = {isa = PBXFileReference; fileEncoding = 4; lastKnownFileType = sourcecode.c.h; path = FasTReceiptPrinter.h; sourceTree = "<group>"; };
		F03203E91B569CF6006D9937 /* FasTReceiptPrinter.m */ = {isa = PBXFileReference; fileEncoding = 4; lastKnownFileType = sourcecode.c.objc; path = FasTReceiptPrinter.m; sourceTree = "<group>"; };
		F03203EA1B569CF6006D9937 /* FasTReceiptPrintersTableViewController.h */ = {isa = PBXFileReference; fileEncoding = 4; lastKnownFileType = sourcecode.c.h; path = FasTReceiptPrintersTableViewController.h; sourceTree = "<group>"; };
		F03203EB1B569CF6006D9937 /* FasTReceiptPrintersTableViewController.m */ = {isa = PBXFileReference; fileEncoding = 4; lastKnownFileType = sourcecode.c.objc; path = FasTReceiptPrintersTableViewController.m; sourceTree = "<group>"; };
		F03203EC1B569CF6006D9937 /* FasTSettingsViewController.h */ = {isa = PBXFileReference; fileEncoding = 4; lastKnownFileType = sourcecode.c.h; path = FasTSettingsViewController.h; sourceTree = "<group>"; };
		F03203ED1B569CF6006D9937 /* FasTSettingsViewController.m */ = {isa = PBXFileReference; fileEncoding = 4; lastKnownFileType = sourcecode.c.objc; path = FasTSettingsViewController.m; sourceTree = "<group>"; };
		F0320A571B569EE7006D9937 /* ESCPrinter.h */ = {isa = PBXFileReference; fileEncoding = 4; lastKnownFileType = sourcecode.c.h; path = ESCPrinter.h; sourceTree = "<group>"; };
		F0320A581B569EE7006D9937 /* ESCPrinter.m */ = {isa = PBXFileReference; fileEncoding = 4; lastKnownFileType = sourcecode.c.objc; path = ESCPrinter.m; sourceTree = "<group>"; };
		F03211001B56A1A7006D9937 /* QuartzCore.framework */ = {isa = PBXFileReference; lastKnownFileType = wrapper.framework; name = QuartzCore.framework; path = System/Library/Frameworks/QuartzCore.framework; sourceTree = SDKROOT; };
		F03211021B56A235006D9937 /* CoreGraphics.framework */ = {isa = PBXFileReference; lastKnownFileType = wrapper.framework; name = CoreGraphics.framework; path = System/Library/Frameworks/CoreGraphics.framework; sourceTree = SDKROOT; };
		F03211041B56A241006D9937 /* UIKit.framework */ = {isa = PBXFileReference; lastKnownFileType = wrapper.framework; name = UIKit.framework; path = System/Library/Frameworks/UIKit.framework; sourceTree = SDKROOT; };
		F03211071B56A2F2006D9937 /* FasT-box-office-Prefix.pch */ = {isa = PBXFileReference; lastKnownFileType = sourcecode.c.h; path = "FasT-box-office-Prefix.pch"; sourceTree = "<group>"; };
		F03211301B56A9BE006D9937 /* de */ = {isa = PBXFileReference; lastKnownFileType = text.plist.strings; name = de; path = de.lproj/Localizable.strings; sourceTree = "<group>"; };
		F03211331B56AA49006D9937 /* FasT-box-office-Info.plist */ = {isa = PBXFileReference; fileEncoding = 4; lastKnownFileType = text.plist.xml; path = "FasT-box-office-Info.plist"; sourceTree = "<group>"; };
		F032113D1B56AB01006D9937 /* de */ = {isa = PBXFileReference; lastKnownFileType = text.plist.strings; name = de; path = de.lproj/InfoPlist.strings; sourceTree = "<group>"; };
		F03211491B570969006D9937 /* ReceiptHeaderImage.jpg */ = {isa = PBXFileReference; lastKnownFileType = image.jpeg; path = ReceiptHeaderImage.jpg; sourceTree = "<group>"; };
		F032114B1B586144006D9937 /* FasTCartOrderPaymentItem.h */ = {isa = PBXFileReference; fileEncoding = 4; lastKnownFileType = sourcecode.c.h; path = FasTCartOrderPaymentItem.h; sourceTree = "<group>"; };
		F032114C1B586144006D9937 /* FasTCartOrderPaymentItem.m */ = {isa = PBXFileReference; fileEncoding = 4; lastKnownFileType = sourcecode.c.objc; path = FasTCartOrderPaymentItem.m; sourceTree = "<group>"; };
		F048DEE0224DEA860039E664 /* debug.xcconfig */ = {isa = PBXFileReference; lastKnownFileType = text.xcconfig; path = debug.xcconfig; sourceTree = "<group>"; };
		F048DEE1224DEA9F0039E664 /* debug.local.xcconfig */ = {isa = PBXFileReference; fileEncoding = 4; lastKnownFileType = text.xcconfig; path = debug.local.xcconfig; sourceTree = "<group>"; };
		F048DEE3224DEAC40039E664 /* release.xcconfig */ = {isa = PBXFileReference; fileEncoding = 4; lastKnownFileType = text.xcconfig; path = release.xcconfig; sourceTree = "<group>"; };
		F04EC4AE22E4713E0071B402 /* LaunchScreen.storyboard */ = {isa = PBXFileReference; lastKnownFileType = file.storyboard; path = LaunchScreen.storyboard; sourceTree = "<group>"; };
		F09517F922D8A30A00862770 /* FasTOrderEventsViewController.h */ = {isa = PBXFileReference; lastKnownFileType = sourcecode.c.h; path = FasTOrderEventsViewController.h; sourceTree = "<group>"; };
		F09517FA22D8A30A00862770 /* FasTOrderEventsViewController.m */ = {isa = PBXFileReference; lastKnownFileType = sourcecode.c.objc; path = FasTOrderEventsViewController.m; sourceTree = "<group>"; };
		F0B4ED172885EA86001AAB72 /* FasTRecentOrdersViewController.h */ = {isa = PBXFileReference; fileEncoding = 4; lastKnownFileType = sourcecode.c.h; path = FasTRecentOrdersViewController.h; sourceTree = "<group>"; };
		F0B4ED182885EA90001AAB72 /* FasTRecentOrdersViewController.m */ = {isa = PBXFileReference; fileEncoding = 4; lastKnownFileType = sourcecode.c.objc; path = FasTRecentOrdersViewController.m; sourceTree = "<group>"; };
		F0CBCFA526A1BB7800CC186C /* release.local.xcconfig */ = {isa = PBXFileReference; lastKnownFileType = text.xcconfig; path = release.local.xcconfig; sourceTree = "<group>"; };
		F0FDB14D210A898B00DC8CB1 /* FasTOrdersListViewController.h */ = {isa = PBXFileReference; lastKnownFileType = sourcecode.c.h; path = FasTOrdersListViewController.h; sourceTree = "<group>"; };
		F0FDB14E210A898B00DC8CB1 /* FasTOrdersListViewController.m */ = {isa = PBXFileReference; lastKnownFileType = sourcecode.c.objc; path = FasTOrdersListViewController.m; sourceTree = "<group>"; };
/* End PBXFileReference section */

/* Begin PBXFrameworksBuildPhase section */
		F03203911B569AC9006D9937 /* Frameworks */ = {
			isa = PBXFrameworksBuildPhase;
			buildActionMask = 2147483647;
			files = (
				F03211061B56A280006D9937 /* QuartzCore.framework in Frameworks */,
				F03211051B56A241006D9937 /* UIKit.framework in Frameworks */,
				F03211031B56A235006D9937 /* CoreGraphics.framework in Frameworks */,
				3051D8620200909A628119E1 /* Pods_FasT_box_office.framework in Frameworks */,
			);
			runOnlyForDeploymentPostprocessing = 0;
		};
/* End PBXFrameworksBuildPhase section */

/* Begin PBXGroup section */
		543882CB25CA3F56C4E57613 /* Pods */ = {
			isa = PBXGroup;
			children = (
				AB45CD37D5DDF7B61EA5C33B /* Pods-FasT-box-office.debug.xcconfig */,
				B0F4386667092663DD1AE547 /* Pods-FasT-box-office.release.xcconfig */,
			);
			name = Pods;
			sourceTree = "<group>";
		};
		C2C558E913E8D50D246B8771 /* Frameworks */ = {
			isa = PBXGroup;
			children = (
				F03211041B56A241006D9937 /* UIKit.framework */,
				F03211021B56A235006D9937 /* CoreGraphics.framework */,
				F03211001B56A1A7006D9937 /* QuartzCore.framework */,
				87BF9E78E3353FED640280AE /* Pods_FasT_box_office.framework */,
			);
			name = Frameworks;
			sourceTree = "<group>";
		};
		F02F87A01D41728A00B5B0F3 /* models */ = {
			isa = PBXGroup;
			children = (
				F02F877C1D41728100B5B0F3 /* FasTEvent.h */,
				F02F877D1D41728100B5B0F3 /* FasTEvent.m */,
				F02F877E1D41728100B5B0F3 /* FasTEventDate.h */,
				F02F877F1D41728100B5B0F3 /* FasTEventDate.m */,
				F02F87821D41728100B5B0F3 /* FasTLogEvent.h */,
				F02F87831D41728100B5B0F3 /* FasTLogEvent.m */,
				F02F87841D41728100B5B0F3 /* FasTOrder.h */,
				F02F87851D41728100B5B0F3 /* FasTOrder.m */,
				F02F87861D41728100B5B0F3 /* FasTSeat.h */,
				F02F87871D41728100B5B0F3 /* FasTSeat.m */,
				F02F878C1D41728100B5B0F3 /* FasTTicket.h */,
				F02F878D1D41728100B5B0F3 /* FasTTicket.m */,
				F02F87901D41728100B5B0F3 /* FasTTicketType.h */,
				F02F87911D41728100B5B0F3 /* FasTTicketType.m */,
			);
			name = models;
			sourceTree = "<group>";
		};
		F02F87A41D422BDC00B5B0F3 /* report */ = {
			isa = PBXGroup;
			children = (
				F02F87A11D422BD500B5B0F3 /* FasTReportViewController.h */,
				F02F87A21D422BD500B5B0F3 /* FasTReportViewController.m */,
				F02F87A51D423B2200B5B0F3 /* FasTReportBillViewController.h */,
				F02F87A61D423B2200B5B0F3 /* FasTReportBillViewController.m */,
			);
			name = report;
			sourceTree = "<group>";
		};
		F032038B1B569AC9006D9937 = {
			isa = PBXGroup;
			children = (
				F03203961B569AC9006D9937 /* FasT-box-office */,
				F0320A561B569EE7006D9937 /* ESCPrinter */,
				C2C558E913E8D50D246B8771 /* Frameworks */,
				F03203951B569AC9006D9937 /* Products */,
				543882CB25CA3F56C4E57613 /* Pods */,
			);
			sourceTree = "<group>";
		};
		F03203951B569AC9006D9937 /* Products */ = {
			isa = PBXGroup;
			children = (
				F03203941B569AC9006D9937 /* FasT-box-office.app */,
			);
			name = Products;
			sourceTree = "<group>";
		};
		F03203961B569AC9006D9937 /* FasT-box-office */ = {
			isa = PBXGroup;
			children = (
				F03203C61B569C9F006D9937 /* Storyboard.storyboard */,
				F04EC4AE22E4713E0071B402 /* LaunchScreen.storyboard */,
				F03203C31B569C87006D9937 /* FasTAppDelegate.h */,
				F03203C41B569C87006D9937 /* FasTAppDelegate.m */,
				F03211441B56B437006D9937 /* main */,
				F032113F1B56B376006D9937 /* purchase */,
				F03211401B56B39F006D9937 /* order details */,
				F03211411B56B3B4006D9937 /* new order */,
				F03211421B56B3C0006D9937 /* orders search */,
				F041CCDE210A8DAD002568BE /* today's unpaid */,
				F0B4ED1A2885EA97001AAB72 /* recent */,
				F02F87A41D422BDC00B5B0F3 /* report */,
				F03211431B56B3FA006D9937 /* Settings */,
				F02F87A01D41728A00B5B0F3 /* models */,
				F041CCDD210A8CF0002568BE /* common */,
				F0F8F1E6210A8CA1005FAF06 /* common UI */,
				F03203971B569AC9006D9937 /* Supporting Files */,
			);
			path = "FasT-box-office";
			sourceTree = "<group>";
		};
		F03203971B569AC9006D9937 /* Supporting Files */ = {
			isa = PBXGroup;
			children = (
				F048DEDF224DEA640039E664 /* Config */,
				F03211481B570949006D9937 /* assets */,
				F03211331B56AA49006D9937 /* FasT-box-office-Info.plist */,
				F03211071B56A2F2006D9937 /* FasT-box-office-Prefix.pch */,
				F03203991B569AC9006D9937 /* main.m */,
				F032112F1B56A993006D9937 /* Localizable.strings */,
				F032113E1B56AB01006D9937 /* InfoPlist.strings */,
			);
			name = "Supporting Files";
			sourceTree = "<group>";
		};
		F0320A561B569EE7006D9937 /* ESCPrinter */ = {
			isa = PBXGroup;
			children = (
				F0320A571B569EE7006D9937 /* ESCPrinter.h */,
				F0320A581B569EE7006D9937 /* ESCPrinter.m */,
			);
			name = ESCPrinter;
			path = "FasT-box-office/ESCPrinter";
			sourceTree = SOURCE_ROOT;
		};
		F032113F1B56B376006D9937 /* purchase */ = {
			isa = PBXGroup;
			children = (
				F03203E61B569CF6006D9937 /* FasTPurchaseViewController.h */,
				F03203E71B569CF6006D9937 /* FasTPurchaseViewController.m */,
				F03203E41B569CF6006D9937 /* FasTPurchasePaymentViewController.h */,
				F03203E51B569CF6006D9937 /* FasTPurchasePaymentViewController.m */,
				F03211451B56B451006D9937 /* models */,
				F03203E81B569CF6006D9937 /* FasTReceiptPrinter.h */,
				F03203E91B569CF6006D9937 /* FasTReceiptPrinter.m */,
			);
			name = purchase;
			sourceTree = "<group>";
		};
		F03211401B56B39F006D9937 /* order details */ = {
			isa = PBXGroup;
			children = (
				F03203D61B569CF6006D9937 /* FasTOrderDetailsViewController.h */,
				F03203D71B569CF6006D9937 /* FasTOrderDetailsViewController.m */,
			);
			name = "order details";
			sourceTree = "<group>";
		};
		F03211411B56B3B4006D9937 /* new order */ = {
			isa = PBXGroup;
			children = (
				F03203E01B569CF6006D9937 /* FasTOrderViewController.h */,
				F03203E11B569CF6006D9937 /* FasTOrderViewController.m */,
				F09517F922D8A30A00862770 /* FasTOrderEventsViewController.h */,
				F09517FA22D8A30A00862770 /* FasTOrderEventsViewController.m */,
				F03203D21B569CF6006D9937 /* FasTOrderDatesViewController.h */,
				F03203D31B569CF6006D9937 /* FasTOrderDatesViewController.m */,
				F03203DE1B569CF6006D9937 /* FasTOrderTicketTypesViewController.h */,
				F03203DF1B569CF6006D9937 /* FasTOrderTicketTypesViewController.m */,
				F03203DC1B569CF6006D9937 /* FasTOrderTicketTypesCell.h */,
				F03203DD1B569CF6006D9937 /* FasTOrderTicketTypesCell.m */,
				F03203D81B569CF6006D9937 /* FasTOrderSeatsViewController.h */,
				F03203D91B569CF6006D9937 /* FasTOrderSeatsViewController.m */,
			);
			name = "new order";
			sourceTree = "<group>";
		};
		F03211421B56B3C0006D9937 /* orders search */ = {
			isa = PBXGroup;
			children = (
				F03203DA1B569CF6006D9937 /* FasTOrdersSearchViewController.h */,
				F03203DB1B569CF6006D9937 /* FasTOrdersSearchViewController.m */,
			);
			name = "orders search";
			sourceTree = "<group>";
		};
		F03211431B56B3FA006D9937 /* Settings */ = {
			isa = PBXGroup;
			children = (
				F03203EA1B569CF6006D9937 /* FasTReceiptPrintersTableViewController.h */,
				F03203EB1B569CF6006D9937 /* FasTReceiptPrintersTableViewController.m */,
				F03203EC1B569CF6006D9937 /* FasTSettingsViewController.h */,
				F03203ED1B569CF6006D9937 /* FasTSettingsViewController.m */,
			);
			name = Settings;
			sourceTree = "<group>";
		};
		F03211441B56B437006D9937 /* main */ = {
			isa = PBXGroup;
			children = (
				F03203CE1B569CF6006D9937 /* FasTMainViewController.h */,
				F03203CF1B569CF6006D9937 /* FasTMainViewController.m */,
				F03203D01B569CF6006D9937 /* FasTMainViewControllerSegue.h */,
				F03203D11B569CF6006D9937 /* FasTMainViewControllerSegue.m */,
			);
			name = main;
			sourceTree = "<group>";
		};
		F03211451B56B451006D9937 /* models */ = {
			isa = PBXGroup;
			children = (
				F03203C81B569CF6006D9937 /* FasTCartItem.h */,
				F03203C91B569CF6006D9937 /* FasTCartItem.m */,
				F03203CA1B569CF6006D9937 /* FasTCartProductItem.h */,
				F03203CB1B569CF6006D9937 /* FasTCartProductItem.m */,
				F03203CC1B569CF6006D9937 /* FasTCartTicketItem.h */,
				F03203CD1B569CF6006D9937 /* FasTCartTicketItem.m */,
				F032114B1B586144006D9937 /* FasTCartOrderPaymentItem.h */,
				F032114C1B586144006D9937 /* FasTCartOrderPaymentItem.m */,
				F03203E21B569CF6006D9937 /* FasTProduct.h */,
				F03203E31B569CF6006D9937 /* FasTProduct.m */,
			);
			name = models;
			sourceTree = "<group>";
		};
		F03211481B570949006D9937 /* assets */ = {
			isa = PBXGroup;
			children = (
				F03211491B570969006D9937 /* ReceiptHeaderImage.jpg */,
			);
			name = assets;
			sourceTree = "<group>";
		};
		F041CCDD210A8CF0002568BE /* common */ = {
			isa = PBXGroup;
			children = (
				F02F87761D41728100B5B0F3 /* FasTApi.h */,
				F02F87771D41728100B5B0F3 /* FasTApi.m */,
				F02F877A1D41728100B5B0F3 /* FasTConstants.h */,
				F02F877B1D41728100B5B0F3 /* FasTConstants.m */,
				F02F87801D41728100B5B0F3 /* FasTFormatter.h */,
				F02F87811D41728100B5B0F3 /* FasTFormatter.m */,
				F02F87881D41728100B5B0F3 /* FasTSeatingView.h */,
				F02F87891D41728100B5B0F3 /* FasTSeatingView.m */,
				F02F878E1D41728100B5B0F3 /* FasTTicketPrinter.h */,
				F02F878F1D41728100B5B0F3 /* FasTTicketPrinter.m */,
			);
			name = common;
			sourceTree = "<group>";
		};
		F041CCDE210A8DAD002568BE /* today's unpaid */ = {
			isa = PBXGroup;
			children = (
				F007994F210A8E21001FADBC /* FasTTodaysOrdersViewController.h */,
				F0079950210A8E21001FADBC /* FasTTodaysOrdersViewController.m */,
			);
			name = "today's unpaid";
			sourceTree = "<group>";
		};
		F048DEDF224DEA640039E664 /* Config */ = {
			isa = PBXGroup;
			children = (
				F048DEE0224DEA860039E664 /* debug.xcconfig */,
				F048DEE1224DEA9F0039E664 /* debug.local.xcconfig */,
				F048DEE3224DEAC40039E664 /* release.xcconfig */,
				F0CBCFA526A1BB7800CC186C /* release.local.xcconfig */,
			);
			name = Config;
			sourceTree = "<group>";
		};
		F0B4ED1A2885EA97001AAB72 /* recent */ = {
			isa = PBXGroup;
			children = (
				F0B4ED172885EA86001AAB72 /* FasTRecentOrdersViewController.h */,
				F0B4ED182885EA90001AAB72 /* FasTRecentOrdersViewController.m */,
			);
			name = recent;
			sourceTree = "<group>";
		};
		F0F8F1E6210A8CA1005FAF06 /* common UI */ = {
			isa = PBXGroup;
			children = (
				F0FDB14D210A898B00DC8CB1 /* FasTOrdersListViewController.h */,
				F0FDB14E210A898B00DC8CB1 /* FasTOrdersListViewController.m */,
			);
			name = "common UI";
			sourceTree = "<group>";
		};
/* End PBXGroup section */

/* Begin PBXNativeTarget section */
		F03203931B569AC9006D9937 /* FasT-box-office */ = {
			isa = PBXNativeTarget;
			buildConfigurationList = F03203B71B569AC9006D9937 /* Build configuration list for PBXNativeTarget "FasT-box-office" */;
			buildPhases = (
				67ED9211406E3082C8C10C6D /* [CP] Check Pods Manifest.lock */,
				F03203901B569AC9006D9937 /* Sources */,
				F03203911B569AC9006D9937 /* Frameworks */,
				F03203921B569AC9006D9937 /* Resources */,
				A15D16A894F379120A8DB733 /* [CP] Embed Pods Frameworks */,
			);
			buildRules = (
			);
			dependencies = (
			);
			name = "FasT-box-office";
			productName = "FasT-box-office";
			productReference = F03203941B569AC9006D9937 /* FasT-box-office.app */;
			productType = "com.apple.product-type.application";
		};
/* End PBXNativeTarget section */

/* Begin PBXProject section */
		F032038C1B569AC9006D9937 /* Project object */ = {
			isa = PBXProject;
			attributes = {
				LastUpgradeCheck = 1340;
				ORGANIZATIONNAME = Albisigns;
				TargetAttributes = {
					F03203931B569AC9006D9937 = {
						CreatedOnToolsVersion = 6.4;
						DevelopmentTeam = YBNG5Y8L6M;
						ProvisioningStyle = Manual;
						SystemCapabilities = {
							com.apple.BackgroundModes = {
								enabled = 1;
							};
						};
					};
				};
			};
			buildConfigurationList = F032038F1B569AC9006D9937 /* Build configuration list for PBXProject "FasT-box-office" */;
			compatibilityVersion = "Xcode 3.2";
			developmentRegion = English;
			hasScannedForEncodings = 0;
			knownRegions = (
				English,
				Base,
				de,
			);
			mainGroup = F032038B1B569AC9006D9937;
			productRefGroup = F03203951B569AC9006D9937 /* Products */;
			projectDirPath = "";
			projectRoot = "";
			targets = (
				F03203931B569AC9006D9937 /* FasT-box-office */,
			);
		};
/* End PBXProject section */

/* Begin PBXResourcesBuildPhase section */
		F03203921B569AC9006D9937 /* Resources */ = {
			isa = PBXResourcesBuildPhase;
			buildActionMask = 2147483647;
			files = (
				F032114E1B592ED8006D9937 /* InfoPlist.strings in Resources */,
				F032112D1B56A993006D9937 /* Localizable.strings in Resources */,
				F03203C71B569C9F006D9937 /* Storyboard.storyboard in Resources */,
				F04EC4AF22E4713E0071B402 /* LaunchScreen.storyboard in Resources */,
				F032114A1B570969006D9937 /* ReceiptHeaderImage.jpg in Resources */,
			);
			runOnlyForDeploymentPostprocessing = 0;
		};
/* End PBXResourcesBuildPhase section */

/* Begin PBXShellScriptBuildPhase section */
		67ED9211406E3082C8C10C6D /* [CP] Check Pods Manifest.lock */ = {
			isa = PBXShellScriptBuildPhase;
			buildActionMask = 2147483647;
			files = (
			);
			inputPaths = (
				"${PODS_PODFILE_DIR_PATH}/Podfile.lock",
				"${PODS_ROOT}/Manifest.lock",
			);
			name = "[CP] Check Pods Manifest.lock";
			outputPaths = (
				"$(DERIVED_FILE_DIR)/Pods-FasT-box-office-checkManifestLockResult.txt",
			);
			runOnlyForDeploymentPostprocessing = 0;
			shellPath = /bin/sh;
			shellScript = "diff \"${PODS_PODFILE_DIR_PATH}/Podfile.lock\" \"${PODS_ROOT}/Manifest.lock\" > /dev/null\nif [ $? != 0 ] ; then\n    # print error to STDERR\n    echo \"error: The sandbox is not in sync with the Podfile.lock. Run 'pod install' or update your CocoaPods installation.\" >&2\n    exit 1\nfi\n# This output is used by Xcode 'outputs' to avoid re-running this script phase.\necho \"SUCCESS\" > \"${SCRIPT_OUTPUT_FILE_0}\"\n";
			showEnvVarsInLog = 0;
		};
		A15D16A894F379120A8DB733 /* [CP] Embed Pods Frameworks */ = {
			isa = PBXShellScriptBuildPhase;
			buildActionMask = 2147483647;
			files = (
			);
			inputPaths = (
				"${PODS_ROOT}/Target Support Files/Pods-FasT-box-office/Pods-FasT-box-office-frameworks.sh",
				"${BUILT_PRODUCTS_DIR}/AFNetworking/AFNetworking.framework",
				"${BUILT_PRODUCTS_DIR}/MBProgressHUD/MBProgressHUD.framework",
				"${BUILT_PRODUCTS_DIR}/Sentry/Sentry.framework",
				"${PODS_XCFRAMEWORKS_BUILD_DIR}/iZettleSDK/iZettleSDK.framework/iZettleSDK",
				"${PODS_XCFRAMEWORKS_BUILD_DIR}/iZettleSDK/iZettlePayments.framework/iZettlePayments",
			);
			name = "[CP] Embed Pods Frameworks";
			outputPaths = (
				"${TARGET_BUILD_DIR}/${FRAMEWORKS_FOLDER_PATH}/AFNetworking.framework",
				"${TARGET_BUILD_DIR}/${FRAMEWORKS_FOLDER_PATH}/MBProgressHUD.framework",
				"${TARGET_BUILD_DIR}/${FRAMEWORKS_FOLDER_PATH}/Sentry.framework",
				"${TARGET_BUILD_DIR}/${FRAMEWORKS_FOLDER_PATH}/iZettleSDK.framework",
				"${TARGET_BUILD_DIR}/${FRAMEWORKS_FOLDER_PATH}/iZettlePayments.framework",
			);
			runOnlyForDeploymentPostprocessing = 0;
			shellPath = /bin/sh;
			shellScript = "\"${PODS_ROOT}/Target Support Files/Pods-FasT-box-office/Pods-FasT-box-office-frameworks.sh\"\n";
			showEnvVarsInLog = 0;
		};
/* End PBXShellScriptBuildPhase section */

/* Begin PBXSourcesBuildPhase section */
		F03203901B569AC9006D9937 /* Sources */ = {
			isa = PBXSourcesBuildPhase;
			buildActionMask = 2147483647;
			files = (
				F0B4ED192885EA90001AAB72 /* FasTRecentOrdersViewController.m in Sources */,
				F03203EF1B569CF6006D9937 /* FasTCartProductItem.m in Sources */,
				F03203F11B569CF6006D9937 /* FasTMainViewController.m in Sources */,
				F0320A591B569EE7006D9937 /* ESCPrinter.m in Sources */,
				F03203F81B569CF6006D9937 /* FasTOrderTicketTypesCell.m in Sources */,
				F02F87A71D423B2200B5B0F3 /* FasTReportBillViewController.m in Sources */,
				F03203FF1B569CF6006D9937 /* FasTReceiptPrintersTableViewController.m in Sources */,
				F061035422D537A600801101 /* FasTSeatingView.m in Sources */,
				F02F879F1D41728100B5B0F3 /* FasTTicketType.m in Sources */,
				F02F87991D41728100B5B0F3 /* FasTOrder.m in Sources */,
				F03203F71B569CF6006D9937 /* FasTOrdersSearchViewController.m in Sources */,
				F03203F51B569CF6006D9937 /* FasTOrderDetailsViewController.m in Sources */,
				F09517FB22D8A30A00862770 /* FasTOrderEventsViewController.m in Sources */,
				F03203F01B569CF6006D9937 /* FasTCartTicketItem.m in Sources */,
				F03203F31B569CF6006D9937 /* FasTOrderDatesViewController.m in Sources */,
				F03203FB1B569CF6006D9937 /* FasTProduct.m in Sources */,
				F03203FC1B569CF6006D9937 /* FasTPurchasePaymentViewController.m in Sources */,
				F03203C51B569C87006D9937 /* FasTAppDelegate.m in Sources */,
				F03203F61B569CF6006D9937 /* FasTOrderSeatsViewController.m in Sources */,
				F02F879D1D41728100B5B0F3 /* FasTTicket.m in Sources */,
				F03203FE1B569CF6006D9937 /* FasTReceiptPrinter.m in Sources */,
				F03203FA1B569CF6006D9937 /* FasTOrderViewController.m in Sources */,
				F02F87951D41728100B5B0F3 /* FasTEvent.m in Sources */,
				F02F87981D41728100B5B0F3 /* FasTLogEvent.m in Sources */,
				F02F87A31D422BD500B5B0F3 /* FasTReportViewController.m in Sources */,
				F03203F21B569CF6006D9937 /* FasTMainViewControllerSegue.m in Sources */,
				F0FDB14F210A898C00DC8CB1 /* FasTOrdersListViewController.m in Sources */,
				F03203EE1B569CF6006D9937 /* FasTCartItem.m in Sources */,
				F03203F91B569CF6006D9937 /* FasTOrderTicketTypesViewController.m in Sources */,
				F02F87921D41728100B5B0F3 /* FasTApi.m in Sources */,
				F02F879E1D41728100B5B0F3 /* FasTTicketPrinter.m in Sources */,
				F02F879A1D41728100B5B0F3 /* FasTSeat.m in Sources */,
				F03203FD1B569CF6006D9937 /* FasTPurchaseViewController.m in Sources */,
				F02F87941D41728100B5B0F3 /* FasTConstants.m in Sources */,
				F032114D1B586144006D9937 /* FasTCartOrderPaymentItem.m in Sources */,
				F03204001B569CF6006D9937 /* FasTSettingsViewController.m in Sources */,
				F02F87971D41728100B5B0F3 /* FasTFormatter.m in Sources */,
				F032039A1B569AC9006D9937 /* main.m in Sources */,
				F02F87961D41728100B5B0F3 /* FasTEventDate.m in Sources */,
				F0079951210A8E21001FADBC /* FasTTodaysOrdersViewController.m in Sources */,
			);
			runOnlyForDeploymentPostprocessing = 0;
		};
/* End PBXSourcesBuildPhase section */

/* Begin PBXVariantGroup section */
		F032112F1B56A993006D9937 /* Localizable.strings */ = {
			isa = PBXVariantGroup;
			children = (
				F03211301B56A9BE006D9937 /* de */,
			);
			name = Localizable.strings;
			sourceTree = "<group>";
		};
		F032113E1B56AB01006D9937 /* InfoPlist.strings */ = {
			isa = PBXVariantGroup;
			children = (
				F032113D1B56AB01006D9937 /* de */,
			);
			name = InfoPlist.strings;
			sourceTree = "<group>";
		};
/* End PBXVariantGroup section */

/* Begin XCBuildConfiguration section */
		F03203B51B569AC9006D9937 /* Debug */ = {
			isa = XCBuildConfiguration;
			baseConfigurationReference = F048DEE0224DEA860039E664 /* debug.xcconfig */;
			buildSettings = {
				ALWAYS_SEARCH_USER_PATHS = NO;
				CLANG_ALLOW_NON_MODULAR_INCLUDES_IN_FRAMEWORK_MODULES = NO;
				CLANG_ANALYZER_LOCALIZABILITY_NONLOCALIZED = YES;
				CLANG_CXX_LANGUAGE_STANDARD = "gnu++0x";
				CLANG_CXX_LIBRARY = "libc++";
				CLANG_ENABLE_MODULES = YES;
				CLANG_ENABLE_OBJC_ARC = NO;
				CLANG_WARN_BLOCK_CAPTURE_AUTORELEASING = YES;
				CLANG_WARN_BOOL_CONVERSION = YES;
				CLANG_WARN_COMMA = YES;
				CLANG_WARN_CONSTANT_CONVERSION = YES;
				CLANG_WARN_DEPRECATED_OBJC_IMPLEMENTATIONS = YES;
				CLANG_WARN_DIRECT_OBJC_ISA_USAGE = YES_ERROR;
				CLANG_WARN_EMPTY_BODY = YES;
				CLANG_WARN_ENUM_CONVERSION = YES;
				CLANG_WARN_INFINITE_RECURSION = YES;
				CLANG_WARN_INT_CONVERSION = YES;
				CLANG_WARN_NON_LITERAL_NULL_CONVERSION = YES;
				CLANG_WARN_OBJC_IMPLICIT_RETAIN_SELF = YES;
				CLANG_WARN_OBJC_LITERAL_CONVERSION = YES;
				CLANG_WARN_OBJC_ROOT_CLASS = YES_ERROR;
				CLANG_WARN_QUOTED_INCLUDE_IN_FRAMEWORK_HEADER = YES;
				CLANG_WARN_RANGE_LOOP_ANALYSIS = YES;
				CLANG_WARN_STRICT_PROTOTYPES = YES;
				CLANG_WARN_SUSPICIOUS_MOVE = YES;
				CLANG_WARN_UNREACHABLE_CODE = YES;
				CLANG_WARN__DUPLICATE_METHOD_MATCH = YES;
				"CODE_SIGN_IDENTITY[sdk=iphoneos*]" = "iPhone Developer";
				COPY_PHASE_STRIP = NO;
				DEBUG_INFORMATION_FORMAT = "dwarf-with-dsym";
				ENABLE_STRICT_OBJC_MSGSEND = YES;
				ENABLE_TESTABILITY = YES;
				FRAMEWORK_SEARCH_PATHS = "";
				GCC_C_LANGUAGE_STANDARD = gnu99;
				GCC_DYNAMIC_NO_PIC = NO;
				GCC_NO_COMMON_BLOCKS = YES;
				GCC_OPTIMIZATION_LEVEL = 0;
				GCC_PREPROCESSOR_DEFINITIONS = (
					"DEBUG=1",
					"API_HOST=@\\\"$(API_HOST)\\\"",
					"API_AUTH_TOKEN=@\\\"$(API_AUTH_TOKEN)\\\"",
					"$(inherited)",
				);
				GCC_SYMBOLS_PRIVATE_EXTERN = NO;
				GCC_WARN_64_TO_32_BIT_CONVERSION = YES;
				GCC_WARN_ABOUT_RETURN_TYPE = YES_ERROR;
				GCC_WARN_UNDECLARED_SELECTOR = YES;
				GCC_WARN_UNINITIALIZED_AUTOS = YES_AGGRESSIVE;
				GCC_WARN_UNUSED_FUNCTION = YES;
				GCC_WARN_UNUSED_VARIABLE = YES;
				IPHONEOS_DEPLOYMENT_TARGET = 12.0;
				MTL_ENABLE_DEBUG_INFO = YES;
				ONLY_ACTIVE_ARCH = YES;
				OTHER_LDFLAGS = "";
				SDKROOT = iphoneos;
				TARGETED_DEVICE_FAMILY = 2;
			};
			name = Debug;
		};
		F03203B61B569AC9006D9937 /* Release */ = {
			isa = XCBuildConfiguration;
			baseConfigurationReference = F048DEE3224DEAC40039E664 /* release.xcconfig */;
			buildSettings = {
				ALWAYS_SEARCH_USER_PATHS = NO;
				CLANG_ALLOW_NON_MODULAR_INCLUDES_IN_FRAMEWORK_MODULES = NO;
				CLANG_ANALYZER_LOCALIZABILITY_NONLOCALIZED = YES;
				CLANG_CXX_LANGUAGE_STANDARD = "gnu++0x";
				CLANG_CXX_LIBRARY = "libc++";
				CLANG_ENABLE_MODULES = YES;
				CLANG_ENABLE_OBJC_ARC = NO;
				CLANG_WARN_BLOCK_CAPTURE_AUTORELEASING = YES;
				CLANG_WARN_BOOL_CONVERSION = YES;
				CLANG_WARN_COMMA = YES;
				CLANG_WARN_CONSTANT_CONVERSION = YES;
				CLANG_WARN_DEPRECATED_OBJC_IMPLEMENTATIONS = YES;
				CLANG_WARN_DIRECT_OBJC_ISA_USAGE = YES_ERROR;
				CLANG_WARN_EMPTY_BODY = YES;
				CLANG_WARN_ENUM_CONVERSION = YES;
				CLANG_WARN_INFINITE_RECURSION = YES;
				CLANG_WARN_INT_CONVERSION = YES;
				CLANG_WARN_NON_LITERAL_NULL_CONVERSION = YES;
				CLANG_WARN_OBJC_IMPLICIT_RETAIN_SELF = YES;
				CLANG_WARN_OBJC_LITERAL_CONVERSION = YES;
				CLANG_WARN_OBJC_ROOT_CLASS = YES_ERROR;
				CLANG_WARN_QUOTED_INCLUDE_IN_FRAMEWORK_HEADER = YES;
				CLANG_WARN_RANGE_LOOP_ANALYSIS = YES;
				CLANG_WARN_STRICT_PROTOTYPES = YES;
				CLANG_WARN_SUSPICIOUS_MOVE = YES;
				CLANG_WARN_UNREACHABLE_CODE = YES;
				CLANG_WARN__DUPLICATE_METHOD_MATCH = YES;
				"CODE_SIGN_IDENTITY[sdk=iphoneos*]" = "iPhone Developer";
				COPY_PHASE_STRIP = NO;
				DEBUG_INFORMATION_FORMAT = "dwarf-with-dsym";
				ENABLE_NS_ASSERTIONS = NO;
				ENABLE_STRICT_OBJC_MSGSEND = YES;
				FRAMEWORK_SEARCH_PATHS = "";
				GCC_C_LANGUAGE_STANDARD = gnu99;
				GCC_NO_COMMON_BLOCKS = YES;
				GCC_PREPROCESSOR_DEFINITIONS = (
					"API_HOST=@\\\"$(API_HOST)\\\"",
					"API_AUTH_TOKEN=@\\\"$(API_AUTH_TOKEN)\\\"",
				);
				GCC_WARN_64_TO_32_BIT_CONVERSION = YES;
				GCC_WARN_ABOUT_RETURN_TYPE = YES_ERROR;
				GCC_WARN_UNDECLARED_SELECTOR = YES;
				GCC_WARN_UNINITIALIZED_AUTOS = YES_AGGRESSIVE;
				GCC_WARN_UNUSED_FUNCTION = YES;
				GCC_WARN_UNUSED_VARIABLE = YES;
				IPHONEOS_DEPLOYMENT_TARGET = 12.0;
				MTL_ENABLE_DEBUG_INFO = NO;
				OTHER_LDFLAGS = "";
				SDKROOT = iphoneos;
				TARGETED_DEVICE_FAMILY = 2;
				VALIDATE_PRODUCT = YES;
			};
			name = Release;
		};
		F03203B81B569AC9006D9937 /* Debug */ = {
			isa = XCBuildConfiguration;
			baseConfigurationReference = AB45CD37D5DDF7B61EA5C33B /* Pods-FasT-box-office.debug.xcconfig */;
			buildSettings = {
				ALWAYS_EMBED_SWIFT_STANDARD_LIBRARIES = YES;
				CLANG_ALLOW_NON_MODULAR_INCLUDES_IN_FRAMEWORK_MODULES = YES;
				CLANG_ENABLE_OBJC_ARC = NO;
				CLANG_ENABLE_OBJC_WEAK = YES;
				CODE_SIGN_IDENTITY = "iPhone Developer";
				CURRENT_PROJECT_VERSION = 1.8;
				DEVELOPMENT_TEAM = V48L6BF6M3;
				"DEVELOPMENT_TEAM[sdk=iphoneos*]" = YBNG5Y8L6M;
				FRAMEWORK_SEARCH_PATHS = (
					"$(inherited)",
					"\"$(PODS_ROOT)/iZettleSDK/iZettleSDK\"",
				);
				GCC_PREFIX_HEADER = "FasT-box-office/FasT-box-office-Prefix.pch";
				INFOPLIST_FILE = "$(SRCROOT)/FasT-box-office/FasT-box-office-Info.plist";
				IPHONEOS_DEPLOYMENT_TARGET = 12.0;
				LD_RUNPATH_SEARCH_PATHS = "$(inherited) @executable_path/Frameworks";
				MARKETING_VERSION = 1.8;
				PRODUCT_BUNDLE_IDENTIFIER = "de.a0s.${PRODUCT_NAME:rfc1034identifier}.debug";
				PRODUCT_NAME = "$(TARGET_NAME)";
				PROVISIONING_PROFILE = "6ac67505-b572-44a3-b319-d2c067cd3062";
				PROVISIONING_PROFILE_SPECIFIER = "iOS Development";
				"PROVISIONING_PROFILE_SPECIFIER[sdk=iphoneos*]" = "Wildcard Development";
			};
			name = Debug;
		};
		F03203B91B569AC9006D9937 /* Release */ = {
			isa = XCBuildConfiguration;
			baseConfigurationReference = B0F4386667092663DD1AE547 /* Pods-FasT-box-office.release.xcconfig */;
			buildSettings = {
				ALWAYS_EMBED_SWIFT_STANDARD_LIBRARIES = YES;
				CLANG_ALLOW_NON_MODULAR_INCLUDES_IN_FRAMEWORK_MODULES = YES;
				CLANG_ENABLE_OBJC_ARC = NO;
				CLANG_ENABLE_OBJC_WEAK = YES;
				CODE_SIGN_IDENTITY = "iPhone Developer";
				"CODE_SIGN_IDENTITY[sdk=iphoneos*]" = "iPhone Distribution";
				CURRENT_PROJECT_VERSION = 1.8;
				DEVELOPMENT_TEAM = V48L6BF6M3;
				"DEVELOPMENT_TEAM[sdk=iphoneos*]" = YBNG5Y8L6M;
				FRAMEWORK_SEARCH_PATHS = (
					"$(inherited)",
					"\"$(PODS_ROOT)/iZettleSDK/iZettleSDK\"",
				);
				GCC_PREFIX_HEADER = "FasT-box-office/FasT-box-office-Prefix.pch";
				INFOPLIST_FILE = "$(SRCROOT)/FasT-box-office/FasT-box-office-Info.plist";
				IPHONEOS_DEPLOYMENT_TARGET = 12.0;
				LD_RUNPATH_SEARCH_PATHS = "$(inherited) @executable_path/Frameworks";
				MARKETING_VERSION = 1.8;
				PRODUCT_BUNDLE_IDENTIFIER = "de.a0s.${PRODUCT_NAME:rfc1034identifier}";
				PRODUCT_NAME = "$(TARGET_NAME)";
				PROVISIONING_PROFILE = "4892eec6-8b0d-4aa8-b73b-ae7b84d9131f";
				PROVISIONING_PROFILE_SPECIFIER = "iOS Adhoc";
				"PROVISIONING_PROFILE_SPECIFIER[sdk=iphoneos*]" = "Wildcard Distribution";
			};
			name = Release;
		};
/* End XCBuildConfiguration section */

/* Begin XCConfigurationList section */
		F032038F1B569AC9006D9937 /* Build configuration list for PBXProject "FasT-box-office" */ = {
			isa = XCConfigurationList;
			buildConfigurations = (
				F03203B51B569AC9006D9937 /* Debug */,
				F03203B61B569AC9006D9937 /* Release */,
			);
			defaultConfigurationIsVisible = 0;
			defaultConfigurationName = Release;
		};
		F03203B71B569AC9006D9937 /* Build configuration list for PBXNativeTarget "FasT-box-office" */ = {
			isa = XCConfigurationList;
			buildConfigurations = (
				F03203B81B569AC9006D9937 /* Debug */,
				F03203B91B569AC9006D9937 /* Release */,
			);
			defaultConfigurationIsVisible = 0;
			defaultConfigurationName = Release;
		};
/* End XCConfigurationList section */
	};
	rootObject = F032038C1B569AC9006D9937 /* Project object */;
}
